
Microsoft Visual Studio Solution File, Format Version 12.00
# Visual Studio 14
VisualStudioVersion = 14.0.25420.1
MinimumVisualStudioVersion = 10.0.40219.1
Project("{FAE04EC0-301F-11D3-BF4B-00C04F79EFBC}") = "V308CMS", "V308CMS\V308CMS.csproj", "{3A816CC7-C3BC-4D58-AED9-88F1A2D7198B}"
EndProject
Project("{FAE04EC0-301F-11D3-BF4B-00C04F79EFBC}") = "V308CMS.Data", "V308CMS.Data\V308CMS.Data.csproj", "{4F5528A8-75F6-4B33-B254-2EAA5F916F12}"
EndProject
Project("{FAE04EC0-301F-11D3-BF4B-00C04F79EFBC}") = "V308CMS.Common", "V308CMS.Common\V308CMS.Common.csproj", "{C4AEF9A6-CF03-429D-84F7-CDC2F058F556}"
EndProject
Project("{FAE04EC0-301F-11D3-BF4B-00C04F79EFBC}") = "V308CMS.Affiliate", "V308CMS.Sale\V308CMS.Affiliate.csproj", "{7089F6B1-B8E7-4C0B-9148-C81F84F2523D}"
EndProject
Project("{FAE04EC0-301F-11D3-BF4B-00C04F79EFBC}") = "V308CMS.Revenue", "V308CMS.Revenue\V308CMS.Revenue.csproj", "{58547FAA-50DF-4DE7-AADA-DC4B35E92719}"
EndProject
Project("{FAE04EC0-301F-11D3-BF4B-00C04F79EFBC}") = "V308CMS.Admin", "V308CMS.Admin\V308CMS.Admin.csproj", "{D625452E-BBDB-4837-AC3E-A506C74CEBBC}"
EndProject
Project("{FAE04EC0-301F-11D3-BF4B-00C04F79EFBC}") = "V308CMS.Static", "V308CMS.Static\V308CMS.Static.csproj", "{2A2933C8-6F8F-448D-9972-0C6BBD0FDB50}"
EndProject
Project("{FAE04EC0-301F-11D3-BF4B-00C04F79EFBC}") = "V308CMS.Respository", "V308CMS.Respository\V308CMS.Respository.csproj", "{4540F1D2-C7AC-4BC4-9E2D-F2271279AEAC}"
EndProject
Project("{FAE04EC0-301F-11D3-BF4B-00C04F79EFBC}") = "UpdateAddress", "UpdateAddress\UpdateAddress.csproj", "{884B432E-BBD2-49E8-81D4-7768059A2A34}"
EndProject
Project("{FAE04EC0-301F-11D3-BF4B-00C04F79EFBC}") = "V308CMS.Dependencies", "V308CMS.Dependencies\V308CMS.Dependencies.csproj", "{6330E246-9E72-4BF7-835E-971936615B7F}"
EndProject
Project("{FAE04EC0-301F-11D3-BF4B-00C04F79EFBC}") = "V308CMS.Social", "V308CMS.Socail\V308CMS.Social.csproj", "{920E78FF-184D-4484-AFAB-B805325D0E48}"
EndProject
Global
	GlobalSection(SolutionConfigurationPlatforms) = preSolution
		Debug|Any CPU = Debug|Any CPU
		Release|Any CPU = Release|Any CPU
	EndGlobalSection
	GlobalSection(ProjectConfigurationPlatforms) = postSolution
		{3A816CC7-C3BC-4D58-AED9-88F1A2D7198B}.Debug|Any CPU.ActiveCfg = Debug|Any CPU
		{3A816CC7-C3BC-4D58-AED9-88F1A2D7198B}.Debug|Any CPU.Build.0 = Debug|Any CPU
		{3A816CC7-C3BC-4D58-AED9-88F1A2D7198B}.Release|Any CPU.ActiveCfg = Release|Any CPU
		{3A816CC7-C3BC-4D58-AED9-88F1A2D7198B}.Release|Any CPU.Build.0 = Release|Any CPU
		{4F5528A8-75F6-4B33-B254-2EAA5F916F12}.Debug|Any CPU.ActiveCfg = Debug|Any CPU
		{4F5528A8-75F6-4B33-B254-2EAA5F916F12}.Debug|Any CPU.Build.0 = Debug|Any CPU
		{4F5528A8-75F6-4B33-B254-2EAA5F916F12}.Release|Any CPU.ActiveCfg = Release|Any CPU
		{4F5528A8-75F6-4B33-B254-2EAA5F916F12}.Release|Any CPU.Build.0 = Release|Any CPU
		{C4AEF9A6-CF03-429D-84F7-CDC2F058F556}.Debug|Any CPU.ActiveCfg = Debug|Any CPU
		{C4AEF9A6-CF03-429D-84F7-CDC2F058F556}.Debug|Any CPU.Build.0 = Debug|Any CPU
		{C4AEF9A6-CF03-429D-84F7-CDC2F058F556}.Release|Any CPU.ActiveCfg = Release|Any CPU
		{C4AEF9A6-CF03-429D-84F7-CDC2F058F556}.Release|Any CPU.Build.0 = Release|Any CPU
		{7089F6B1-B8E7-4C0B-9148-C81F84F2523D}.Debug|Any CPU.ActiveCfg = Debug|Any CPU
		{7089F6B1-B8E7-4C0B-9148-C81F84F2523D}.Debug|Any CPU.Build.0 = Debug|Any CPU
		{7089F6B1-B8E7-4C0B-9148-C81F84F2523D}.Release|Any CPU.ActiveCfg = Release|Any CPU
		{7089F6B1-B8E7-4C0B-9148-C81F84F2523D}.Release|Any CPU.Build.0 = Release|Any CPU
		{58547FAA-50DF-4DE7-AADA-DC4B35E92719}.Debug|Any CPU.ActiveCfg = Debug|Any CPU
		{58547FAA-50DF-4DE7-AADA-DC4B35E92719}.Debug|Any CPU.Build.0 = Debug|Any CPU
		{58547FAA-50DF-4DE7-AADA-DC4B35E92719}.Release|Any CPU.ActiveCfg = Release|Any CPU
		{58547FAA-50DF-4DE7-AADA-DC4B35E92719}.Release|Any CPU.Build.0 = Release|Any CPU
		{D625452E-BBDB-4837-AC3E-A506C74CEBBC}.Debug|Any CPU.ActiveCfg = Debug|Any CPU
		{D625452E-BBDB-4837-AC3E-A506C74CEBBC}.Debug|Any CPU.Build.0 = Debug|Any CPU
		{D625452E-BBDB-4837-AC3E-A506C74CEBBC}.Release|Any CPU.ActiveCfg = Release|Any CPU
		{D625452E-BBDB-4837-AC3E-A506C74CEBBC}.Release|Any CPU.Build.0 = Release|Any CPU
		{2A2933C8-6F8F-448D-9972-0C6BBD0FDB50}.Debug|Any CPU.ActiveCfg = Debug|Any CPU
		{2A2933C8-6F8F-448D-9972-0C6BBD0FDB50}.Debug|Any CPU.Build.0 = Debug|Any CPU
		{2A2933C8-6F8F-448D-9972-0C6BBD0FDB50}.Release|Any CPU.ActiveCfg = Release|Any CPU
		{2A2933C8-6F8F-448D-9972-0C6BBD0FDB50}.Release|Any CPU.Build.0 = Release|Any CPU
		{4540F1D2-C7AC-4BC4-9E2D-F2271279AEAC}.Debug|Any CPU.ActiveCfg = Debug|Any CPU
		{4540F1D2-C7AC-4BC4-9E2D-F2271279AEAC}.Debug|Any CPU.Build.0 = Debug|Any CPU
		{4540F1D2-C7AC-4BC4-9E2D-F2271279AEAC}.Release|Any CPU.ActiveCfg = Release|Any CPU
		{4540F1D2-C7AC-4BC4-9E2D-F2271279AEAC}.Release|Any CPU.Build.0 = Release|Any CPU
		{884B432E-BBD2-49E8-81D4-7768059A2A34}.Debug|Any CPU.ActiveCfg = Debug|Any CPU
		{884B432E-BBD2-49E8-81D4-7768059A2A34}.Debug|Any CPU.Build.0 = Debug|Any CPU
		{884B432E-BBD2-49E8-81D4-7768059A2A34}.Release|Any CPU.ActiveCfg = Release|Any CPU
		{884B432E-BBD2-49E8-81D4-7768059A2A34}.Release|Any CPU.Build.0 = Release|Any CPU
		{6330E246-9E72-4BF7-835E-971936615B7F}.Debug|Any CPU.ActiveCfg = Debug|Any CPU
		{6330E246-9E72-4BF7-835E-971936615B7F}.Debug|Any CPU.Build.0 = Debug|Any CPU
		{6330E246-9E72-4BF7-835E-971936615B7F}.Release|Any CPU.ActiveCfg = Release|Any CPU
		{6330E246-9E72-4BF7-835E-971936615B7F}.Release|Any CPU.Build.0 = Release|Any CPU
		{920E78FF-184D-4484-AFAB-B805325D0E48}.Debug|Any CPU.ActiveCfg = Debug|Any CPU
		{920E78FF-184D-4484-AFAB-B805325D0E48}.Debug|Any CPU.Build.0 = Debug|Any CPU
		{920E78FF-184D-4484-AFAB-B805325D0E48}.Release|Any CPU.ActiveCfg = Release|Any CPU
		{920E78FF-184D-4484-AFAB-B805325D0E48}.Release|Any CPU.Build.0 = Release|Any CPU
	EndGlobalSection
	GlobalSection(SolutionProperties) = preSolution
		HideSolutionNode = FALSE
	EndGlobalSection
EndGlobal
